
Microsoft Visual Studio Solution File, Format Version 12.00
# Visual Studio 15
VisualStudioVersion = 15.0.27428.2037
MinimumVisualStudioVersion = 10.0.40219.1
Project("{9A19103F-16F7-4668-BE54-9A1E7A4F7556}") = "ArmiesService", "ArmiesService\ArmiesService.csproj", "{212D3BA5-B651-4E24-8B59-B8FDA4D19337}"
EndProject
Project("{9A19103F-16F7-4668-BE54-9A1E7A4F7556}") = "ArmiesDomain", "ArmiesDomain\ArmiesDomain.csproj", "{7B8F72AA-B692-4B74-8166-8349B87975B6}"
EndProject
Project("{FAE04EC0-301F-11D3-BF4B-00C04F79EFBC}") = "Tests", "Tests\Tests.csproj", "{4ED58C7F-D120-495C-AB1C-36B752BF8EA1}"
EndProject
Global
	GlobalSection(SolutionConfigurationPlatforms) = preSolution
		Debug|Any CPU = Debug|Any CPU
		Release|Any CPU = Release|Any CPU
	EndGlobalSection
	GlobalSection(ProjectConfigurationPlatforms) = postSolution
		{212D3BA5-B651-4E24-8B59-B8FDA4D19337}.Debug|Any CPU.ActiveCfg = Debug|Any CPU
		{212D3BA5-B651-4E24-8B59-B8FDA4D19337}.Debug|Any CPU.Build.0 = Debug|Any CPU
		{212D3BA5-B651-4E24-8B59-B8FDA4D19337}.Release|Any CPU.ActiveCfg = Release|Any CPU
		{212D3BA5-B651-4E24-8B59-B8FDA4D19337}.Release|Any CPU.Build.0 = Release|Any CPU
		{7B8F72AA-B692-4B74-8166-8349B87975B6}.Debug|Any CPU.ActiveCfg = Debug|Any CPU
		{7B8F72AA-B692-4B74-8166-8349B87975B6}.Debug|Any CPU.Build.0 = Debug|Any CPU
		{7B8F72AA-B692-4B74-8166-8349B87975B6}.Release|Any CPU.ActiveCfg = Release|Any CPU
		{7B8F72AA-B692-4B74-8166-8349B87975B6}.Release|Any CPU.Build.0 = Release|Any CPU
		{4ED58C7F-D120-495C-AB1C-36B752BF8EA1}.Debug|Any CPU.ActiveCfg = Debug|Any CPU
		{4ED58C7F-D120-495C-AB1C-36B752BF8EA1}.Debug|Any CPU.Build.0 = Debug|Any CPU
		{4ED58C7F-D120-495C-AB1C-36B752BF8EA1}.Release|Any CPU.ActiveCfg = Release|Any CPU
		{4ED58C7F-D120-495C-AB1C-36B752BF8EA1}.Release|Any CPU.Build.0 = Release|Any CPU
	EndGlobalSection
	GlobalSection(SolutionProperties) = preSolution
		HideSolutionNode = FALSE
	EndGlobalSection
	GlobalSection(ExtensibilityGlobals) = postSolution
		SolutionGuid = {AC809D6A-1EA8-4822-83DC-E948DE6C204C}
	EndGlobalSection
EndGlobal
