
Microsoft Visual Studio Solution File, Format Version 12.00
# Visual Studio 15
VisualStudioVersion = 15.0.26730.16
MinimumVisualStudioVersion = 10.0.40219.1
Project("{9A19103F-16F7-4668-BE54-9A1E7A4F7556}") = "StorageService", "StorageService\StorageService.csproj", "{5EB8E21C-50A4-4982-8565-DF8EA4794AD4}"
EndProject
Project("{9A19103F-16F7-4668-BE54-9A1E7A4F7556}") = "StorageDomain", "StorageDomain\StorageDomain.csproj", "{EC772A72-92DE-4D3F-929E-EF977246DB79}"
EndProject
Global
	GlobalSection(SolutionConfigurationPlatforms) = preSolution
		Debug|Any CPU = Debug|Any CPU
		Release|Any CPU = Release|Any CPU
	EndGlobalSection
	GlobalSection(ProjectConfigurationPlatforms) = postSolution
		{5EB8E21C-50A4-4982-8565-DF8EA4794AD4}.Debug|Any CPU.ActiveCfg = Debug|Any CPU
		{5EB8E21C-50A4-4982-8565-DF8EA4794AD4}.Debug|Any CPU.Build.0 = Debug|Any CPU
		{5EB8E21C-50A4-4982-8565-DF8EA4794AD4}.Release|Any CPU.ActiveCfg = Release|Any CPU
		{5EB8E21C-50A4-4982-8565-DF8EA4794AD4}.Release|Any CPU.Build.0 = Release|Any CPU
		{EC772A72-92DE-4D3F-929E-EF977246DB79}.Debug|Any CPU.ActiveCfg = Debug|Any CPU
		{EC772A72-92DE-4D3F-929E-EF977246DB79}.Debug|Any CPU.Build.0 = Debug|Any CPU
		{EC772A72-92DE-4D3F-929E-EF977246DB79}.Release|Any CPU.ActiveCfg = Release|Any CPU
		{EC772A72-92DE-4D3F-929E-EF977246DB79}.Release|Any CPU.Build.0 = Release|Any CPU
	EndGlobalSection
	GlobalSection(SolutionProperties) = preSolution
		HideSolutionNode = FALSE
	EndGlobalSection
	GlobalSection(ExtensibilityGlobals) = postSolution
		SolutionGuid = {5A690440-6E66-42C6-9BE1-9AABC66024AE}
	EndGlobalSection
EndGlobal
