
Microsoft Visual Studio Solution File, Format Version 12.00
# Visual Studio 15
VisualStudioVersion = 15.0.26730.10
MinimumVisualStudioVersion = 10.0.40219.1
Project("{9A19103F-16F7-4668-BE54-9A1E7A4F7556}") = "UsersService", "UsersService\UsersService.csproj", "{0DF230DC-BA6F-4AB9-99E4-E63941CC0E2F}"
EndProject
Project("{9A19103F-16F7-4668-BE54-9A1E7A4F7556}") = "Tests", "Tests\Tests.csproj", "{A54F76FF-1329-42D8-BFB9-9634784B6EFC}"
EndProject
Project("{FAE04EC0-301F-11D3-BF4B-00C04F79EFBC}") = "UsersDomain", "UsersDomain\UsersDomain.csproj", "{93FB29E0-3204-49EF-8FF9-499DDB1B8C1B}"
EndProject
Global
	GlobalSection(SolutionConfigurationPlatforms) = preSolution
		Debug|Any CPU = Debug|Any CPU
		Release|Any CPU = Release|Any CPU
	EndGlobalSection
	GlobalSection(ProjectConfigurationPlatforms) = postSolution
		{0DF230DC-BA6F-4AB9-99E4-E63941CC0E2F}.Debug|Any CPU.ActiveCfg = Debug|Any CPU
		{0DF230DC-BA6F-4AB9-99E4-E63941CC0E2F}.Debug|Any CPU.Build.0 = Debug|Any CPU
		{0DF230DC-BA6F-4AB9-99E4-E63941CC0E2F}.Release|Any CPU.ActiveCfg = Release|Any CPU
		{0DF230DC-BA6F-4AB9-99E4-E63941CC0E2F}.Release|Any CPU.Build.0 = Release|Any CPU
		{A54F76FF-1329-42D8-BFB9-9634784B6EFC}.Debug|Any CPU.ActiveCfg = Debug|Any CPU
		{A54F76FF-1329-42D8-BFB9-9634784B6EFC}.Debug|Any CPU.Build.0 = Debug|Any CPU
		{A54F76FF-1329-42D8-BFB9-9634784B6EFC}.Release|Any CPU.ActiveCfg = Release|Any CPU
		{A54F76FF-1329-42D8-BFB9-9634784B6EFC}.Release|Any CPU.Build.0 = Release|Any CPU
		{93FB29E0-3204-49EF-8FF9-499DDB1B8C1B}.Debug|Any CPU.ActiveCfg = Debug|Any CPU
		{93FB29E0-3204-49EF-8FF9-499DDB1B8C1B}.Debug|Any CPU.Build.0 = Debug|Any CPU
		{93FB29E0-3204-49EF-8FF9-499DDB1B8C1B}.Release|Any CPU.ActiveCfg = Release|Any CPU
		{93FB29E0-3204-49EF-8FF9-499DDB1B8C1B}.Release|Any CPU.Build.0 = Release|Any CPU
	EndGlobalSection
	GlobalSection(SolutionProperties) = preSolution
		HideSolutionNode = FALSE
	EndGlobalSection
	GlobalSection(ExtensibilityGlobals) = postSolution
		SolutionGuid = {9FB90D15-3A18-446F-BA71-DC8EFBA0EC7B}
	EndGlobalSection
EndGlobal
